// !$*UTF8*$!
{
	archiveVersion = 1;
	classes = {
	};
	objectVersion = 55;
	objects = {

/* Begin PBXBuildFile section */
		3A5EDB0F28AE1F2400248638 /* HorizontalCollectionViewCell.swift in Sources */ = {isa = PBXBuildFile; fileRef = 3A5EDB0D28AE1F2400248638 /* HorizontalCollectionViewCell.swift */; };
		3A5EDB1028AE1F2400248638 /* HorizontalCollectionViewCell.xib in Resources */ = {isa = PBXBuildFile; fileRef = 3A5EDB0E28AE1F2400248638 /* HorizontalCollectionViewCell.xib */; };
		3A5EDB1228B0E5F600248638 /* ListModel.swift in Sources */ = {isa = PBXBuildFile; fileRef = 3A5EDB1128B0E5F600248638 /* ListModel.swift */; };
		3A5EDB1428B0E61D00248638 /* CityModel.swift in Sources */ = {isa = PBXBuildFile; fileRef = 3A5EDB1328B0E61D00248638 /* CityModel.swift */; };
		3A5EDB1928B4B19F00248638 /* CitiesViewController.swift in Sources */ = {isa = PBXBuildFile; fileRef = 3A5EDB1828B4B19F00248638 /* CitiesViewController.swift */; };
		3A5EDB1B28B4D24E00248638 /* CitiesModel.swift in Sources */ = {isa = PBXBuildFile; fileRef = 3A5EDB1A28B4D24E00248638 /* CitiesModel.swift */; };
		3A5EDB1F28B4D86100248638 /* CitiesTableViewCell.swift in Sources */ = {isa = PBXBuildFile; fileRef = 3A5EDB1D28B4D86100248638 /* CitiesTableViewCell.swift */; };
		3A5EDB2028B4D86100248638 /* CitiesTableViewCell.xib in Resources */ = {isa = PBXBuildFile; fileRef = 3A5EDB1E28B4D86100248638 /* CitiesTableViewCell.xib */; };
		3A853D1428AA426800C4C6F8 /* AppDelegate.swift in Sources */ = {isa = PBXBuildFile; fileRef = 3A853D1328AA426800C4C6F8 /* AppDelegate.swift */; };
		3A853D1628AA426800C4C6F8 /* SceneDelegate.swift in Sources */ = {isa = PBXBuildFile; fileRef = 3A853D1528AA426800C4C6F8 /* SceneDelegate.swift */; };
		3A853D1828AA426800C4C6F8 /* WeatherViewController.swift in Sources */ = {isa = PBXBuildFile; fileRef = 3A853D1728AA426800C4C6F8 /* WeatherViewController.swift */; };
		3A853D1B28AA426800C4C6F8 /* Main.storyboard in Resources */ = {isa = PBXBuildFile; fileRef = 3A853D1928AA426800C4C6F8 /* Main.storyboard */; };
		3A853D1D28AA426B00C4C6F8 /* Assets.xcassets in Resources */ = {isa = PBXBuildFile; fileRef = 3A853D1C28AA426B00C4C6F8 /* Assets.xcassets */; };
		3A853D2028AA426B00C4C6F8 /* LaunchScreen.storyboard in Resources */ = {isa = PBXBuildFile; fileRef = 3A853D1E28AA426B00C4C6F8 /* LaunchScreen.storyboard */; };
		3A853D2828AA434200C4C6F8 /* TodayWeatherNetworkModel.swift in Sources */ = {isa = PBXBuildFile; fileRef = 3A853D2728AA434200C4C6F8 /* TodayWeatherNetworkModel.swift */; };
		3A853D2B28AA7B5300C4C6F8 /* WindModel.swift in Sources */ = {isa = PBXBuildFile; fileRef = 3A853D2A28AA7B5300C4C6F8 /* WindModel.swift */; };
		3A853D2D28AA7BCF00C4C6F8 /* CordModel.swift in Sources */ = {isa = PBXBuildFile; fileRef = 3A853D2C28AA7BCF00C4C6F8 /* CordModel.swift */; };
		3A853D2F28AA7BE600C4C6F8 /* WeatherModel.swift in Sources */ = {isa = PBXBuildFile; fileRef = 3A853D2E28AA7BE600C4C6F8 /* WeatherModel.swift */; };
		3A853D3128AA7BFB00C4C6F8 /* MainModel.swift in Sources */ = {isa = PBXBuildFile; fileRef = 3A853D3028AA7BFB00C4C6F8 /* MainModel.swift */; };
		3A853D3328AA7C1E00C4C6F8 /* CloudsModel.swift in Sources */ = {isa = PBXBuildFile; fileRef = 3A853D3228AA7C1E00C4C6F8 /* CloudsModel.swift */; };
		3A853D3528AA7C3200C4C6F8 /* SysModel.swift in Sources */ = {isa = PBXBuildFile; fileRef = 3A853D3428AA7C3200C4C6F8 /* SysModel.swift */; };
		3A853D3A28AA8AB600C4C6F8 /* TodayWeatherTableViewCell.swift in Sources */ = {isa = PBXBuildFile; fileRef = 3A853D3928AA8AB600C4C6F8 /* TodayWeatherTableViewCell.swift */; };
		3A853D4028AAC38100C4C6F8 /* HourlyWeatherTableViewCell.swift in Sources */ = {isa = PBXBuildFile; fileRef = 3A853D3E28AAC38100C4C6F8 /* HourlyWeatherTableViewCell.swift */; };
		3A853D4128AAC38100C4C6F8 /* HourlyWeatherTableViewCell.xib in Resources */ = {isa = PBXBuildFile; fileRef = 3A853D3F28AAC38100C4C6F8 /* HourlyWeatherTableViewCell.xib */; };
		3A853D4328AB78C000C4C6F8 /* TodayWeatherTableViewCell.xib in Resources */ = {isa = PBXBuildFile; fileRef = 3A853D4228AB78C000C4C6F8 /* TodayWeatherTableViewCell.xib */; };
		3A853D4528AB8B1000C4C6F8 /* Network.swift in Sources */ = {isa = PBXBuildFile; fileRef = 3A853D4428AB8B1000C4C6F8 /* Network.swift */; };
		3A853D4728ABB72F00C4C6F8 /* HourlyWeatherNetworkModel.swift in Sources */ = {isa = PBXBuildFile; fileRef = 3A853D4628ABB72F00C4C6F8 /* HourlyWeatherNetworkModel.swift */; };
		3A853D4E28ABC9BD00C4C6F8 /* ForFiveDaysWeatherTableViewCell.swift in Sources */ = {isa = PBXBuildFile; fileRef = 3A853D4C28ABC9BD00C4C6F8 /* ForFiveDaysWeatherTableViewCell.swift */; };
		3A853D4F28ABC9BD00C4C6F8 /* ForFiveDaysWeatherTableViewCell.xib in Resources */ = {isa = PBXBuildFile; fileRef = 3A853D4D28ABC9BD00C4C6F8 /* ForFiveDaysWeatherTableViewCell.xib */; };
/* End PBXBuildFile section */

/* Begin PBXFileReference section */
		3A5EDB0D28AE1F2400248638 /* HorizontalCollectionViewCell.swift */ = {isa = PBXFileReference; lastKnownFileType = sourcecode.swift; path = HorizontalCollectionViewCell.swift; sourceTree = "<group>"; };
		3A5EDB0E28AE1F2400248638 /* HorizontalCollectionViewCell.xib */ = {isa = PBXFileReference; lastKnownFileType = file.xib; path = HorizontalCollectionViewCell.xib; sourceTree = "<group>"; };
		3A5EDB1128B0E5F600248638 /* ListModel.swift */ = {isa = PBXFileReference; lastKnownFileType = sourcecode.swift; path = ListModel.swift; sourceTree = "<group>"; };
		3A5EDB1328B0E61D00248638 /* CityModel.swift */ = {isa = PBXFileReference; lastKnownFileType = sourcecode.swift; path = CityModel.swift; sourceTree = "<group>"; };
		3A5EDB1828B4B19F00248638 /* CitiesViewController.swift */ = {isa = PBXFileReference; lastKnownFileType = sourcecode.swift; path = CitiesViewController.swift; sourceTree = "<group>"; };
		3A5EDB1A28B4D24E00248638 /* CitiesModel.swift */ = {isa = PBXFileReference; lastKnownFileType = sourcecode.swift; path = CitiesModel.swift; sourceTree = "<group>"; };
		3A5EDB1D28B4D86100248638 /* CitiesTableViewCell.swift */ = {isa = PBXFileReference; lastKnownFileType = sourcecode.swift; path = CitiesTableViewCell.swift; sourceTree = "<group>"; };
		3A5EDB1E28B4D86100248638 /* CitiesTableViewCell.xib */ = {isa = PBXFileReference; lastKnownFileType = file.xib; path = CitiesTableViewCell.xib; sourceTree = "<group>"; };
		3A853D1028AA426800C4C6F8 /* MyWeather.app */ = {isa = PBXFileReference; explicitFileType = wrapper.application; includeInIndex = 0; path = MyWeather.app; sourceTree = BUILT_PRODUCTS_DIR; };
		3A853D1328AA426800C4C6F8 /* AppDelegate.swift */ = {isa = PBXFileReference; lastKnownFileType = sourcecode.swift; path = AppDelegate.swift; sourceTree = "<group>"; };
		3A853D1528AA426800C4C6F8 /* SceneDelegate.swift */ = {isa = PBXFileReference; lastKnownFileType = sourcecode.swift; path = SceneDelegate.swift; sourceTree = "<group>"; };
		3A853D1728AA426800C4C6F8 /* WeatherViewController.swift */ = {isa = PBXFileReference; lastKnownFileType = sourcecode.swift; path = WeatherViewController.swift; sourceTree = "<group>"; };
		3A853D1A28AA426800C4C6F8 /* Base */ = {isa = PBXFileReference; lastKnownFileType = file.storyboard; name = Base; path = Base.lproj/Main.storyboard; sourceTree = "<group>"; };
		3A853D1C28AA426B00C4C6F8 /* Assets.xcassets */ = {isa = PBXFileReference; lastKnownFileType = folder.assetcatalog; path = Assets.xcassets; sourceTree = "<group>"; };
		3A853D1F28AA426B00C4C6F8 /* Base */ = {isa = PBXFileReference; lastKnownFileType = file.storyboard; name = Base; path = Base.lproj/LaunchScreen.storyboard; sourceTree = "<group>"; };
		3A853D2128AA426B00C4C6F8 /* Info.plist */ = {isa = PBXFileReference; lastKnownFileType = text.plist.xml; path = Info.plist; sourceTree = "<group>"; };
		3A853D2728AA434200C4C6F8 /* TodayWeatherNetworkModel.swift */ = {isa = PBXFileReference; lastKnownFileType = sourcecode.swift; path = TodayWeatherNetworkModel.swift; sourceTree = "<group>"; };
		3A853D2A28AA7B5300C4C6F8 /* WindModel.swift */ = {isa = PBXFileReference; lastKnownFileType = sourcecode.swift; path = WindModel.swift; sourceTree = "<group>"; };
		3A853D2C28AA7BCF00C4C6F8 /* CordModel.swift */ = {isa = PBXFileReference; lastKnownFileType = sourcecode.swift; path = CordModel.swift; sourceTree = "<group>"; };
		3A853D2E28AA7BE600C4C6F8 /* WeatherModel.swift */ = {isa = PBXFileReference; lastKnownFileType = sourcecode.swift; path = WeatherModel.swift; sourceTree = "<group>"; };
		3A853D3028AA7BFB00C4C6F8 /* MainModel.swift */ = {isa = PBXFileReference; lastKnownFileType = sourcecode.swift; path = MainModel.swift; sourceTree = "<group>"; };
		3A853D3228AA7C1E00C4C6F8 /* CloudsModel.swift */ = {isa = PBXFileReference; lastKnownFileType = sourcecode.swift; path = CloudsModel.swift; sourceTree = "<group>"; };
		3A853D3428AA7C3200C4C6F8 /* SysModel.swift */ = {isa = PBXFileReference; lastKnownFileType = sourcecode.swift; path = SysModel.swift; sourceTree = "<group>"; };
		3A853D3928AA8AB600C4C6F8 /* TodayWeatherTableViewCell.swift */ = {isa = PBXFileReference; lastKnownFileType = sourcecode.swift; path = TodayWeatherTableViewCell.swift; sourceTree = "<group>"; };
		3A853D3E28AAC38100C4C6F8 /* HourlyWeatherTableViewCell.swift */ = {isa = PBXFileReference; lastKnownFileType = sourcecode.swift; path = HourlyWeatherTableViewCell.swift; sourceTree = "<group>"; };
		3A853D3F28AAC38100C4C6F8 /* HourlyWeatherTableViewCell.xib */ = {isa = PBXFileReference; lastKnownFileType = file.xib; path = HourlyWeatherTableViewCell.xib; sourceTree = "<group>"; };
		3A853D4228AB78C000C4C6F8 /* TodayWeatherTableViewCell.xib */ = {isa = PBXFileReference; lastKnownFileType = file.xib; path = TodayWeatherTableViewCell.xib; sourceTree = "<group>"; };
		3A853D4428AB8B1000C4C6F8 /* Network.swift */ = {isa = PBXFileReference; lastKnownFileType = sourcecode.swift; path = Network.swift; sourceTree = "<group>"; };
		3A853D4628ABB72F00C4C6F8 /* HourlyWeatherNetworkModel.swift */ = {isa = PBXFileReference; lastKnownFileType = sourcecode.swift; path = HourlyWeatherNetworkModel.swift; sourceTree = "<group>"; };
		3A853D4C28ABC9BD00C4C6F8 /* ForFiveDaysWeatherTableViewCell.swift */ = {isa = PBXFileReference; lastKnownFileType = sourcecode.swift; path = ForFiveDaysWeatherTableViewCell.swift; sourceTree = "<group>"; };
		3A853D4D28ABC9BD00C4C6F8 /* ForFiveDaysWeatherTableViewCell.xib */ = {isa = PBXFileReference; lastKnownFileType = file.xib; path = ForFiveDaysWeatherTableViewCell.xib; sourceTree = "<group>"; };
/* End PBXFileReference section */

/* Begin PBXFrameworksBuildPhase section */
		3A853D0D28AA426800C4C6F8 /* Frameworks */ = {
			isa = PBXFrameworksBuildPhase;
			buildActionMask = 2147483647;
			files = (
			);
			runOnlyForDeploymentPostprocessing = 0;
		};
/* End PBXFrameworksBuildPhase section */

/* Begin PBXGroup section */
		3A5EDB0A28AE1D9E00248638 /* HorizontalCollectionViewCell */ = {
			isa = PBXGroup;
			children = (
				3A5EDB0D28AE1F2400248638 /* HorizontalCollectionViewCell.swift */,
				3A5EDB0E28AE1F2400248638 /* HorizontalCollectionViewCell.xib */,
			);
			path = HorizontalCollectionViewCell;
			sourceTree = "<group>";
		};
		3A5EDB1528B4B05000248638 /* CitiesViewController */ = {
			isa = PBXGroup;
			children = (
				3A5EDB1828B4B19F00248638 /* CitiesViewController.swift */,
				3A5EDB1C28B4D81000248638 /* CitiesTalbleViewCell */,
			);
			path = CitiesViewController;
			sourceTree = "<group>";
		};
		3A5EDB1C28B4D81000248638 /* CitiesTalbleViewCell */ = {
			isa = PBXGroup;
			children = (
				3A5EDB1D28B4D86100248638 /* CitiesTableViewCell.swift */,
				3A5EDB1E28B4D86100248638 /* CitiesTableViewCell.xib */,
			);
			path = CitiesTalbleViewCell;
			sourceTree = "<group>";
		};
		3A853D0728AA426800C4C6F8 = {
			isa = PBXGroup;
			children = (
				3A853D1228AA426800C4C6F8 /* MyWeather */,
				3A853D1128AA426800C4C6F8 /* Products */,
			);
			sourceTree = "<group>";
		};
		3A853D1128AA426800C4C6F8 /* Products */ = {
			isa = PBXGroup;
			children = (
				3A853D1028AA426800C4C6F8 /* MyWeather.app */,
			);
			name = Products;
			sourceTree = "<group>";
		};
		3A853D1228AA426800C4C6F8 /* MyWeather */ = {
			isa = PBXGroup;
			children = (
				3A853D4428AB8B1000C4C6F8 /* Network.swift */,
				3A853D3628AA7CF200C4C6F8 /* Support File */,
				3A853D2928AA7B2A00C4C6F8 /* Model */,
				3A5EDB1528B4B05000248638 /* CitiesViewController */,
				3A853D3728AA8A0700C4C6F8 /* MainViewController */,
				3A853D1928AA426800C4C6F8 /* Main.storyboard */,
				3A853D1E28AA426B00C4C6F8 /* LaunchScreen.storyboard */,
				3A853D2128AA426B00C4C6F8 /* Info.plist */,
			);
			path = MyWeather;
			sourceTree = "<group>";
		};
		3A853D2928AA7B2A00C4C6F8 /* Model */ = {
			isa = PBXGroup;
			children = (
				3A5EDB1A28B4D24E00248638 /* CitiesModel.swift */,
				3A853D2728AA434200C4C6F8 /* TodayWeatherNetworkModel.swift */,
				3A853D4628ABB72F00C4C6F8 /* HourlyWeatherNetworkModel.swift */,
				3A853D4828ABC25200C4C6F8 /* OtherModels */,
			);
			path = Model;
			sourceTree = "<group>";
		};
		3A853D3628AA7CF200C4C6F8 /* Support File */ = {
			isa = PBXGroup;
			children = (
				3A853D1C28AA426B00C4C6F8 /* Assets.xcassets */,
				3A853D1328AA426800C4C6F8 /* AppDelegate.swift */,
				3A853D1528AA426800C4C6F8 /* SceneDelegate.swift */,
			);
			path = "Support File";
			sourceTree = "<group>";
		};
		3A853D3728AA8A0700C4C6F8 /* MainViewController */ = {
			isa = PBXGroup;
			children = (
				3A853D1728AA426800C4C6F8 /* WeatherViewController.swift */,
				3A853D3828AA8A5400C4C6F8 /* TodayWeatherTableViewCell */,
				3A853D3D28AAC2E000C4C6F8 /* HourlyWeatherTableViewCell */,
				3A853D4928ABC94000C4C6F8 /* ForFiveDaysWeather */,
			);
			path = MainViewController;
			sourceTree = "<group>";
		};
		3A853D3828AA8A5400C4C6F8 /* TodayWeatherTableViewCell */ = {
			isa = PBXGroup;
			children = (
				3A853D3928AA8AB600C4C6F8 /* TodayWeatherTableViewCell.swift */,
				3A853D4228AB78C000C4C6F8 /* TodayWeatherTableViewCell.xib */,
			);
			path = TodayWeatherTableViewCell;
			sourceTree = "<group>";
		};
		3A853D3D28AAC2E000C4C6F8 /* HourlyWeatherTableViewCell */ = {
			isa = PBXGroup;
			children = (
				3A853D3E28AAC38100C4C6F8 /* HourlyWeatherTableViewCell.swift */,
				3A853D3F28AAC38100C4C6F8 /* HourlyWeatherTableViewCell.xib */,
				3A5EDB0A28AE1D9E00248638 /* HorizontalCollectionViewCell */,
			);
			path = HourlyWeatherTableViewCell;
			sourceTree = "<group>";
		};
		3A853D4828ABC25200C4C6F8 /* OtherModels */ = {
			isa = PBXGroup;
			children = (
				3A853D3428AA7C3200C4C6F8 /* SysModel.swift */,
				3A853D3228AA7C1E00C4C6F8 /* CloudsModel.swift */,
				3A853D3028AA7BFB00C4C6F8 /* MainModel.swift */,
				3A853D2E28AA7BE600C4C6F8 /* WeatherModel.swift */,
				3A853D2A28AA7B5300C4C6F8 /* WindModel.swift */,
				3A853D2C28AA7BCF00C4C6F8 /* CordModel.swift */,
				3A5EDB1128B0E5F600248638 /* ListModel.swift */,
				3A5EDB1328B0E61D00248638 /* CityModel.swift */,
			);
			path = OtherModels;
			sourceTree = "<group>";
		};
		3A853D4928ABC94000C4C6F8 /* ForFiveDaysWeather */ = {
			isa = PBXGroup;
			children = (
				3A853D4C28ABC9BD00C4C6F8 /* ForFiveDaysWeatherTableViewCell.swift */,
				3A853D4D28ABC9BD00C4C6F8 /* ForFiveDaysWeatherTableViewCell.xib */,
			);
			path = ForFiveDaysWeather;
			sourceTree = "<group>";
		};
/* End PBXGroup section */

/* Begin PBXNativeTarget section */
		3A853D0F28AA426800C4C6F8 /* MyWeather */ = {
			isa = PBXNativeTarget;
			buildConfigurationList = 3A853D2428AA426B00C4C6F8 /* Build configuration list for PBXNativeTarget "MyWeather" */;
			buildPhases = (
				3A853D0C28AA426800C4C6F8 /* Sources */,
				3A853D0D28AA426800C4C6F8 /* Frameworks */,
				3A853D0E28AA426800C4C6F8 /* Resources */,
			);
			buildRules = (
			);
			dependencies = (
			);
			name = MyWeather;
			productName = MyWeather;
			productReference = 3A853D1028AA426800C4C6F8 /* MyWeather.app */;
			productType = "com.apple.product-type.application";
		};
/* End PBXNativeTarget section */

/* Begin PBXProject section */
		3A853D0828AA426800C4C6F8 /* Project object */ = {
			isa = PBXProject;
			attributes = {
				BuildIndependentTargetsInParallel = 1;
				LastSwiftUpdateCheck = 1330;
				LastUpgradeCheck = 1330;
				TargetAttributes = {
					3A853D0F28AA426800C4C6F8 = {
						CreatedOnToolsVersion = 13.3.1;
					};
				};
			};
			buildConfigurationList = 3A853D0B28AA426800C4C6F8 /* Build configuration list for PBXProject "MyWeather" */;
			compatibilityVersion = "Xcode 13.0";
			developmentRegion = en;
			hasScannedForEncodings = 0;
			knownRegions = (
				en,
				Base,
			);
			mainGroup = 3A853D0728AA426800C4C6F8;
			productRefGroup = 3A853D1128AA426800C4C6F8 /* Products */;
			projectDirPath = "";
			projectRoot = "";
			targets = (
				3A853D0F28AA426800C4C6F8 /* MyWeather */,
			);
		};
/* End PBXProject section */

/* Begin PBXResourcesBuildPhase section */
		3A853D0E28AA426800C4C6F8 /* Resources */ = {
			isa = PBXResourcesBuildPhase;
			buildActionMask = 2147483647;
			files = (
				3A853D4128AAC38100C4C6F8 /* HourlyWeatherTableViewCell.xib in Resources */,
				3A853D2028AA426B00C4C6F8 /* LaunchScreen.storyboard in Resources */,
				3A853D1D28AA426B00C4C6F8 /* Assets.xcassets in Resources */,
				3A5EDB1028AE1F2400248638 /* HorizontalCollectionViewCell.xib in Resources */,
				3A5EDB2028B4D86100248638 /* CitiesTableViewCell.xib in Resources */,
				3A853D4F28ABC9BD00C4C6F8 /* ForFiveDaysWeatherTableViewCell.xib in Resources */,
				3A853D1B28AA426800C4C6F8 /* Main.storyboard in Resources */,
				3A853D4328AB78C000C4C6F8 /* TodayWeatherTableViewCell.xib in Resources */,
			);
			runOnlyForDeploymentPostprocessing = 0;
		};
/* End PBXResourcesBuildPhase section */

/* Begin PBXSourcesBuildPhase section */
		3A853D0C28AA426800C4C6F8 /* Sources */ = {
			isa = PBXSourcesBuildPhase;
			buildActionMask = 2147483647;
			files = (
				3A853D4528AB8B1000C4C6F8 /* Network.swift in Sources */,
				3A853D2828AA434200C4C6F8 /* TodayWeatherNetworkModel.swift in Sources */,
				3A853D2B28AA7B5300C4C6F8 /* WindModel.swift in Sources */,
				3A853D3A28AA8AB600C4C6F8 /* TodayWeatherTableViewCell.swift in Sources */,
				3A853D4028AAC38100C4C6F8 /* HourlyWeatherTableViewCell.swift in Sources */,
				3A853D3128AA7BFB00C4C6F8 /* MainModel.swift in Sources */,
				3A5EDB1F28B4D86100248638 /* CitiesTableViewCell.swift in Sources */,
				3A853D1828AA426800C4C6F8 /* WeatherViewController.swift in Sources */,
				3A5EDB0F28AE1F2400248638 /* HorizontalCollectionViewCell.swift in Sources */,
				3A5EDB1428B0E61D00248638 /* CityModel.swift in Sources */,
				3A853D2D28AA7BCF00C4C6F8 /* CordModel.swift in Sources */,
				3A853D3528AA7C3200C4C6F8 /* SysModel.swift in Sources */,
				3A5EDB1228B0E5F600248638 /* ListModel.swift in Sources */,
				3A853D1428AA426800C4C6F8 /* AppDelegate.swift in Sources */,
				3A853D4728ABB72F00C4C6F8 /* HourlyWeatherNetworkModel.swift in Sources */,
				3A5EDB1B28B4D24E00248638 /* CitiesModel.swift in Sources */,
				3A853D3328AA7C1E00C4C6F8 /* CloudsModel.swift in Sources */,
				3A5EDB1928B4B19F00248638 /* CitiesViewController.swift in Sources */,
				3A853D1628AA426800C4C6F8 /* SceneDelegate.swift in Sources */,
				3A853D4E28ABC9BD00C4C6F8 /* ForFiveDaysWeatherTableViewCell.swift in Sources */,
				3A853D2F28AA7BE600C4C6F8 /* WeatherModel.swift in Sources */,
			);
			runOnlyForDeploymentPostprocessing = 0;
		};
/* End PBXSourcesBuildPhase section */

/* Begin PBXVariantGroup section */
		3A853D1928AA426800C4C6F8 /* Main.storyboard */ = {
			isa = PBXVariantGroup;
			children = (
				3A853D1A28AA426800C4C6F8 /* Base */,
			);
			name = Main.storyboard;
			sourceTree = "<group>";
		};
		3A853D1E28AA426B00C4C6F8 /* LaunchScreen.storyboard */ = {
			isa = PBXVariantGroup;
			children = (
				3A853D1F28AA426B00C4C6F8 /* Base */,
			);
			name = LaunchScreen.storyboard;
			sourceTree = "<group>";
		};
/* End PBXVariantGroup section */

/* Begin XCBuildConfiguration section */
		3A853D2228AA426B00C4C6F8 /* Debug */ = {
			isa = XCBuildConfiguration;
			buildSettings = {
				ALWAYS_SEARCH_USER_PATHS = NO;
				CLANG_ANALYZER_NONNULL = YES;
				CLANG_ANALYZER_NUMBER_OBJECT_CONVERSION = YES_AGGRESSIVE;
				CLANG_CXX_LANGUAGE_STANDARD = "gnu++17";
				CLANG_ENABLE_MODULES = YES;
				CLANG_ENABLE_OBJC_ARC = YES;
				CLANG_ENABLE_OBJC_WEAK = YES;
				CLANG_WARN_BLOCK_CAPTURE_AUTORELEASING = YES;
				CLANG_WARN_BOOL_CONVERSION = YES;
				CLANG_WARN_COMMA = YES;
				CLANG_WARN_CONSTANT_CONVERSION = YES;
				CLANG_WARN_DEPRECATED_OBJC_IMPLEMENTATIONS = YES;
				CLANG_WARN_DIRECT_OBJC_ISA_USAGE = YES_ERROR;
				CLANG_WARN_DOCUMENTATION_COMMENTS = YES;
				CLANG_WARN_EMPTY_BODY = YES;
				CLANG_WARN_ENUM_CONVERSION = YES;
				CLANG_WARN_INFINITE_RECURSION = YES;
				CLANG_WARN_INT_CONVERSION = YES;
				CLANG_WARN_NON_LITERAL_NULL_CONVERSION = YES;
				CLANG_WARN_OBJC_IMPLICIT_RETAIN_SELF = YES;
				CLANG_WARN_OBJC_LITERAL_CONVERSION = YES;
				CLANG_WARN_OBJC_ROOT_CLASS = YES_ERROR;
				CLANG_WARN_QUOTED_INCLUDE_IN_FRAMEWORK_HEADER = YES;
				CLANG_WARN_RANGE_LOOP_ANALYSIS = YES;
				CLANG_WARN_STRICT_PROTOTYPES = YES;
				CLANG_WARN_SUSPICIOUS_MOVE = YES;
				CLANG_WARN_UNGUARDED_AVAILABILITY = YES_AGGRESSIVE;
				CLANG_WARN_UNREACHABLE_CODE = YES;
				CLANG_WARN__DUPLICATE_METHOD_MATCH = YES;
				COPY_PHASE_STRIP = NO;
				DEBUG_INFORMATION_FORMAT = dwarf;
				ENABLE_STRICT_OBJC_MSGSEND = YES;
				ENABLE_TESTABILITY = YES;
				GCC_C_LANGUAGE_STANDARD = gnu11;
				GCC_DYNAMIC_NO_PIC = NO;
				GCC_NO_COMMON_BLOCKS = YES;
				GCC_OPTIMIZATION_LEVEL = 0;
				GCC_PREPROCESSOR_DEFINITIONS = (
					"DEBUG=1",
					"$(inherited)",
				);
				GCC_WARN_64_TO_32_BIT_CONVERSION = YES;
				GCC_WARN_ABOUT_RETURN_TYPE = YES_ERROR;
				GCC_WARN_UNDECLARED_SELECTOR = YES;
				GCC_WARN_UNINITIALIZED_AUTOS = YES_AGGRESSIVE;
				GCC_WARN_UNUSED_FUNCTION = YES;
				GCC_WARN_UNUSED_VARIABLE = YES;
				IPHONEOS_DEPLOYMENT_TARGET = 15.4;
				MTL_ENABLE_DEBUG_INFO = INCLUDE_SOURCE;
				MTL_FAST_MATH = YES;
				ONLY_ACTIVE_ARCH = YES;
				SDKROOT = iphoneos;
				SWIFT_ACTIVE_COMPILATION_CONDITIONS = DEBUG;
				SWIFT_OPTIMIZATION_LEVEL = "-Onone";
			};
			name = Debug;
		};
		3A853D2328AA426B00C4C6F8 /* Release */ = {
			isa = XCBuildConfiguration;
			buildSettings = {
				ALWAYS_SEARCH_USER_PATHS = NO;
				CLANG_ANALYZER_NONNULL = YES;
				CLANG_ANALYZER_NUMBER_OBJECT_CONVERSION = YES_AGGRESSIVE;
				CLANG_CXX_LANGUAGE_STANDARD = "gnu++17";
				CLANG_ENABLE_MODULES = YES;
				CLANG_ENABLE_OBJC_ARC = YES;
				CLANG_ENABLE_OBJC_WEAK = YES;
				CLANG_WARN_BLOCK_CAPTURE_AUTORELEASING = YES;
				CLANG_WARN_BOOL_CONVERSION = YES;
				CLANG_WARN_COMMA = YES;
				CLANG_WARN_CONSTANT_CONVERSION = YES;
				CLANG_WARN_DEPRECATED_OBJC_IMPLEMENTATIONS = YES;
				CLANG_WARN_DIRECT_OBJC_ISA_USAGE = YES_ERROR;
				CLANG_WARN_DOCUMENTATION_COMMENTS = YES;
				CLANG_WARN_EMPTY_BODY = YES;
				CLANG_WARN_ENUM_CONVERSION = YES;
				CLANG_WARN_INFINITE_RECURSION = YES;
				CLANG_WARN_INT_CONVERSION = YES;
				CLANG_WARN_NON_LITERAL_NULL_CONVERSION = YES;
				CLANG_WARN_OBJC_IMPLICIT_RETAIN_SELF = YES;
				CLANG_WARN_OBJC_LITERAL_CONVERSION = YES;
				CLANG_WARN_OBJC_ROOT_CLASS = YES_ERROR;
				CLANG_WARN_QUOTED_INCLUDE_IN_FRAMEWORK_HEADER = YES;
				CLANG_WARN_RANGE_LOOP_ANALYSIS = YES;
				CLANG_WARN_STRICT_PROTOTYPES = YES;
				CLANG_WARN_SUSPICIOUS_MOVE = YES;
				CLANG_WARN_UNGUARDED_AVAILABILITY = YES_AGGRESSIVE;
				CLANG_WARN_UNREACHABLE_CODE = YES;
				CLANG_WARN__DUPLICATE_METHOD_MATCH = YES;
				COPY_PHASE_STRIP = NO;
				DEBUG_INFORMATION_FORMAT = "dwarf-with-dsym";
				ENABLE_NS_ASSERTIONS = NO;
				ENABLE_STRICT_OBJC_MSGSEND = YES;
				GCC_C_LANGUAGE_STANDARD = gnu11;
				GCC_NO_COMMON_BLOCKS = YES;
				GCC_WARN_64_TO_32_BIT_CONVERSION = YES;
				GCC_WARN_ABOUT_RETURN_TYPE = YES_ERROR;
				GCC_WARN_UNDECLARED_SELECTOR = YES;
				GCC_WARN_UNINITIALIZED_AUTOS = YES_AGGRESSIVE;
				GCC_WARN_UNUSED_FUNCTION = YES;
				GCC_WARN_UNUSED_VARIABLE = YES;
				IPHONEOS_DEPLOYMENT_TARGET = 15.4;
				MTL_ENABLE_DEBUG_INFO = NO;
				MTL_FAST_MATH = YES;
				SDKROOT = iphoneos;
				SWIFT_COMPILATION_MODE = wholemodule;
				SWIFT_OPTIMIZATION_LEVEL = "-O";
				VALIDATE_PRODUCT = YES;
			};
			name = Release;
		};
		3A853D2528AA426B00C4C6F8 /* Debug */ = {
			isa = XCBuildConfiguration;
			buildSettings = {
				ASSETCATALOG_COMPILER_APPICON_NAME = AppIcon;
				ASSETCATALOG_COMPILER_GLOBAL_ACCENT_COLOR_NAME = AccentColor;
				CODE_SIGN_STYLE = Automatic;
				CURRENT_PROJECT_VERSION = 1;
				GENERATE_INFOPLIST_FILE = YES;
				INFOPLIST_FILE = MyWeather/Info.plist;
				INFOPLIST_KEY_UIApplicationSupportsIndirectInputEvents = YES;
				INFOPLIST_KEY_UILaunchStoryboardName = LaunchScreen;
				INFOPLIST_KEY_UIMainStoryboardFile = Main;
				INFOPLIST_KEY_UISupportedInterfaceOrientations_iPad = "UIInterfaceOrientationPortrait UIInterfaceOrientationPortraitUpsideDown UIInterfaceOrientationLandscapeLeft UIInterfaceOrientationLandscapeRight";
				INFOPLIST_KEY_UISupportedInterfaceOrientations_iPhone = "UIInterfaceOrientationPortrait UIInterfaceOrientationLandscapeLeft UIInterfaceOrientationLandscapeRight";
				LD_RUNPATH_SEARCH_PATHS = (
					"$(inherited)",
					"@executable_path/Frameworks",
				);
				MARKETING_VERSION = 1.0;
				PRODUCT_BUNDLE_IDENTIFIER = com.Nik.MyWeather;
				PRODUCT_NAME = "$(TARGET_NAME)";
				SWIFT_EMIT_LOC_STRINGS = YES;
				SWIFT_VERSION = 5.0;
				TARGETED_DEVICE_FAMILY = "1,2";
			};
			name = Debug;
		};
		3A853D2628AA426B00C4C6F8 /* Release */ = {
			isa = XCBuildConfiguration;
			buildSettings = {
				ASSETCATALOG_COMPILER_APPICON_NAME = AppIcon;
				ASSETCATALOG_COMPILER_GLOBAL_ACCENT_COLOR_NAME = AccentColor;
				CODE_SIGN_STYLE = Automatic;
				CURRENT_PROJECT_VERSION = 1;
				GENERATE_INFOPLIST_FILE = YES;
				INFOPLIST_FILE = MyWeather/Info.plist;
				INFOPLIST_KEY_UIApplicationSupportsIndirectInputEvents = YES;
				INFOPLIST_KEY_UILaunchStoryboardName = LaunchScreen;
				INFOPLIST_KEY_UIMainStoryboardFile = Main;
				INFOPLIST_KEY_UISupportedInterfaceOrientations_iPad = "UIInterfaceOrientationPortrait UIInterfaceOrientationPortraitUpsideDown UIInterfaceOrientationLandscapeLeft UIInterfaceOrientationLandscapeRight";
				INFOPLIST_KEY_UISupportedInterfaceOrientations_iPhone = "UIInterfaceOrientationPortrait UIInterfaceOrientationLandscapeLeft UIInterfaceOrientationLandscapeRight";
				LD_RUNPATH_SEARCH_PATHS = (
					"$(inherited)",
					"@executable_path/Frameworks",
				);
				MARKETING_VERSION = 1.0;
				PRODUCT_BUNDLE_IDENTIFIER = com.Nik.MyWeather;
				PRODUCT_NAME = "$(TARGET_NAME)";
				SWIFT_EMIT_LOC_STRINGS = YES;
				SWIFT_VERSION = 5.0;
				TARGETED_DEVICE_FAMILY = "1,2";
			};
			name = Release;
		};
/* End XCBuildConfiguration section */

/* Begin XCConfigurationList section */
		3A853D0B28AA426800C4C6F8 /* Build configuration list for PBXProject "MyWeather" */ = {
			isa = XCConfigurationList;
			buildConfigurations = (
				3A853D2228AA426B00C4C6F8 /* Debug */,
				3A853D2328AA426B00C4C6F8 /* Release */,
			);
			defaultConfigurationIsVisible = 0;
			defaultConfigurationName = Release;
		};
		3A853D2428AA426B00C4C6F8 /* Build configuration list for PBXNativeTarget "MyWeather" */ = {
			isa = XCConfigurationList;
			buildConfigurations = (
				3A853D2528AA426B00C4C6F8 /* Debug */,
				3A853D2628AA426B00C4C6F8 /* Release */,
			);
			defaultConfigurationIsVisible = 0;
			defaultConfigurationName = Release;
		};
/* End XCConfigurationList section */
	};
	rootObject = 3A853D0828AA426800C4C6F8 /* Project object */;
}
